
Microsoft Visual Studio Solution File, Format Version 12.00
# Visual Studio Version 17
VisualStudioVersion = 17.8.34309.116
MinimumVisualStudioVersion = 10.0.40219.1
Project("{FAE04EC0-301F-11D3-BF4B-00C04F79EFBC}") = "Computer class", "Computer class\Computer class.csproj", "{9390EE81-63AA-49B8-B69D-514DD84E9F66}"
EndProject
Global
	GlobalSection(SolutionConfigurationPlatforms) = preSolution
		Debug|Any CPU = Debug|Any CPU
		Release|Any CPU = Release|Any CPU
	EndGlobalSection
	GlobalSection(ProjectConfigurationPlatforms) = postSolution
		{9390EE81-63AA-49B8-B69D-514DD84E9F66}.Debug|Any CPU.ActiveCfg = Debug|Any CPU
		{9390EE81-63AA-49B8-B69D-514DD84E9F66}.Debug|Any CPU.Build.0 = Debug|Any CPU
		{9390EE81-63AA-49B8-B69D-514DD84E9F66}.Release|Any CPU.ActiveCfg = Release|Any CPU
		{9390EE81-63AA-49B8-B69D-514DD84E9F66}.Release|Any CPU.Build.0 = Release|Any CPU
	EndGlobalSection
	GlobalSection(SolutionProperties) = preSolution
		HideSolutionNode = FALSE
	EndGlobalSection
	GlobalSection(ExtensibilityGlobals) = postSolution
		SolutionGuid = {AD04E4B7-5BDA-4FA0-8621-64FE5A8F5CC3}
	EndGlobalSection
EndGlobal
