
Microsoft Visual Studio Solution File, Format Version 12.00
# Visual Studio Version 17
VisualStudioVersion = 17.8.34309.116
MinimumVisualStudioVersion = 10.0.40219.1
Project("{FAE04EC0-301F-11D3-BF4B-00C04F79EFBC}") = "Employee_Interface", "Employee_Interface\Employee_Interface.csproj", "{3DFDFB6C-0B6E-4FBF-83C0-2EC1DE17DBA9}"
EndProject
Global
	GlobalSection(SolutionConfigurationPlatforms) = preSolution
		Debug|Any CPU = Debug|Any CPU
		Release|Any CPU = Release|Any CPU
	EndGlobalSection
	GlobalSection(ProjectConfigurationPlatforms) = postSolution
		{3DFDFB6C-0B6E-4FBF-83C0-2EC1DE17DBA9}.Debug|Any CPU.ActiveCfg = Debug|Any CPU
		{3DFDFB6C-0B6E-4FBF-83C0-2EC1DE17DBA9}.Debug|Any CPU.Build.0 = Debug|Any CPU
		{3DFDFB6C-0B6E-4FBF-83C0-2EC1DE17DBA9}.Release|Any CPU.ActiveCfg = Release|Any CPU
		{3DFDFB6C-0B6E-4FBF-83C0-2EC1DE17DBA9}.Release|Any CPU.Build.0 = Release|Any CPU
	EndGlobalSection
	GlobalSection(SolutionProperties) = preSolution
		HideSolutionNode = FALSE
	EndGlobalSection
	GlobalSection(ExtensibilityGlobals) = postSolution
		SolutionGuid = {EB1B2905-AE8D-4414-BF4C-80E425B8D02B}
	EndGlobalSection
EndGlobal
